{
  "nodes": {
    "nixpkgs": {
      "locked": {
        "lastModified": 1691065946,
        "narHash": "sha256-IVSh42Q3oJwUjgLKMdzH5fMx+fk1z3V735gK1Izj1Zw=",
        "owner": "NixOS",
        "repo": "nixpkgs",
        "rev": "e9ca92b55bed47696cc7cc25d3f854a1e2e01f86",
        "type": "github"
      },
      "original": {
        "owner": "NixOS",
        "ref": "nixos-23.05",
        "repo": "nixpkgs",
        "type": "github"
      }
    },
    "root": {
      "inputs": {
        "nixpkgs": "nixpkgs"
      }
    }
  },
  "root": "root",
  "version": 7
}
